// !$*UTF8*$!
{
	archiveVersion = 1;
	classes = {
	};
	objectVersion = 55;
	objects = {

/* Begin PBXBuildFile section */
		DEADB1E027A32F8E00A59952 /* LoginUserApp.swift in Sources */ = {isa = PBXBuildFile; fileRef = DEADB1DF27A32F8E00A59952 /* LoginUserApp.swift */; };
		DEADB1E227A32F8E00A59952 /* ContentView.swift in Sources */ = {isa = PBXBuildFile; fileRef = DEADB1E127A32F8E00A59952 /* ContentView.swift */; };
		DEADB1E427A32FA800A59952 /* Assets.xcassets in Resources */ = {isa = PBXBuildFile; fileRef = DEADB1E327A32FA800A59952 /* Assets.xcassets */; };
		DEADB1E727A32FA800A59952 /* Preview Assets.xcassets in Resources */ = {isa = PBXBuildFile; fileRef = DEADB1E627A32FA800A59952 /* Preview Assets.xcassets */; };
		DEADB1EE27A330A400A59952 /* LoginView.swift in Sources */ = {isa = PBXBuildFile; fileRef = DEADB1ED27A330A400A59952 /* LoginView.swift */; };
		DEADB1F027A330AF00A59952 /* LoggedInView.swift in Sources */ = {isa = PBXBuildFile; fileRef = DEADB1EF27A330AF00A59952 /* LoggedInView.swift */; };
		DEADB1F227A330BC00A59952 /* LoginModel.swift in Sources */ = {isa = PBXBuildFile; fileRef = DEADB1F127A330BC00A59952 /* LoginModel.swift */; };
		DEADB1F427A330C400A59952 /* LoginViewModel.swift in Sources */ = {isa = PBXBuildFile; fileRef = DEADB1F327A330C400A59952 /* LoginViewModel.swift */; };
		DEADB1FB27A41F9300A59952 /* Alamofire in Frameworks */ = {isa = PBXBuildFile; productRef = DEADB1FA27A41F9300A59952 /* Alamofire */; };
		DEADB1FE27A41FC300A59952 /* SwiftyJSON in Frameworks */ = {isa = PBXBuildFile; productRef = DEADB1FD27A41FC300A59952 /* SwiftyJSON */; };
/* End PBXBuildFile section */

/* Begin PBXFileReference section */
		DEADB1DC27A32F8D00A59952 /* LoginUser.app */ = {isa = PBXFileReference; explicitFileType = wrapper.application; includeInIndex = 0; path = LoginUser.app; sourceTree = BUILT_PRODUCTS_DIR; };
		DEADB1DF27A32F8E00A59952 /* LoginUserApp.swift */ = {isa = PBXFileReference; lastKnownFileType = sourcecode.swift; path = LoginUserApp.swift; sourceTree = "<group>"; };
		DEADB1E127A32F8E00A59952 /* ContentView.swift */ = {isa = PBXFileReference; lastKnownFileType = sourcecode.swift; path = ContentView.swift; sourceTree = "<group>"; };
		DEADB1E327A32FA800A59952 /* Assets.xcassets */ = {isa = PBXFileReference; lastKnownFileType = folder.assetcatalog; path = Assets.xcassets; sourceTree = "<group>"; };
		DEADB1E627A32FA800A59952 /* Preview Assets.xcassets */ = {isa = PBXFileReference; lastKnownFileType = folder.assetcatalog; path = "Preview Assets.xcassets"; sourceTree = "<group>"; };
		DEADB1ED27A330A400A59952 /* LoginView.swift */ = {isa = PBXFileReference; lastKnownFileType = sourcecode.swift; path = LoginView.swift; sourceTree = "<group>"; };
		DEADB1EF27A330AF00A59952 /* LoggedInView.swift */ = {isa = PBXFileReference; lastKnownFileType = sourcecode.swift; path = LoggedInView.swift; sourceTree = "<group>"; };
		DEADB1F127A330BC00A59952 /* LoginModel.swift */ = {isa = PBXFileReference; lastKnownFileType = sourcecode.swift; path = LoginModel.swift; sourceTree = "<group>"; };
		DEADB1F327A330C400A59952 /* LoginViewModel.swift */ = {isa = PBXFileReference; lastKnownFileType = sourcecode.swift; path = LoginViewModel.swift; sourceTree = "<group>"; };
		DEADB1F827A33F0500A59952 /* Info.plist */ = {isa = PBXFileReference; lastKnownFileType = text.plist; path = Info.plist; sourceTree = "<group>"; };
/* End PBXFileReference section */

/* Begin PBXFrameworksBuildPhase section */
		DEADB1D927A32F8D00A59952 /* Frameworks */ = {
			isa = PBXFrameworksBuildPhase;
			buildActionMask = 2147483647;
			files = (
				DEADB1FE27A41FC300A59952 /* SwiftyJSON in Frameworks */,
				DEADB1FB27A41F9300A59952 /* Alamofire in Frameworks */,
			);
			runOnlyForDeploymentPostprocessing = 0;
		};
/* End PBXFrameworksBuildPhase section */

/* Begin PBXGroup section */
		DEADB1D327A32F8C00A59952 = {
			isa = PBXGroup;
			children = (
				DEADB1DE27A32F8D00A59952 /* LoginUser */,
				DEADB1DD27A32F8D00A59952 /* Products */,
			);
			sourceTree = "<group>";
		};
		DEADB1DD27A32F8D00A59952 /* Products */ = {
			isa = PBXGroup;
			children = (
				DEADB1DC27A32F8D00A59952 /* LoginUser.app */,
			);
			name = Products;
			sourceTree = "<group>";
		};
		DEADB1DE27A32F8D00A59952 /* LoginUser */ = {
			isa = PBXGroup;
			children = (
				DEADB1DF27A32F8E00A59952 /* LoginUserApp.swift */,
				DEADB1E127A32F8E00A59952 /* ContentView.swift */,
				DEADB1F727A339B500A59952 /* Model */,
				DEADB1F527A3399A00A59952 /* View */,
				DEADB1F627A339A300A59952 /* ViewModel */,
				DEADB1E327A32FA800A59952 /* Assets.xcassets */,
				DEADB1F827A33F0500A59952 /* Info.plist */,
				DEADB1E527A32FA800A59952 /* Preview Content */,
			);
			path = LoginUser;
			sourceTree = "<group>";
		};
		DEADB1E527A32FA800A59952 /* Preview Content */ = {
			isa = PBXGroup;
			children = (
				DEADB1E627A32FA800A59952 /* Preview Assets.xcassets */,
			);
			path = "Preview Content";
			sourceTree = "<group>";
		};
		DEADB1F527A3399A00A59952 /* View */ = {
			isa = PBXGroup;
			children = (
				DEADB1ED27A330A400A59952 /* LoginView.swift */,
				DEADB1EF27A330AF00A59952 /* LoggedInView.swift */,
			);
			path = View;
			sourceTree = "<group>";
		};
		DEADB1F627A339A300A59952 /* ViewModel */ = {
			isa = PBXGroup;
			children = (
				DEADB1F327A330C400A59952 /* LoginViewModel.swift */,
			);
			path = ViewModel;
			sourceTree = "<group>";
		};
		DEADB1F727A339B500A59952 /* Model */ = {
			isa = PBXGroup;
			children = (
				DEADB1F127A330BC00A59952 /* LoginModel.swift */,
			);
			path = Model;
			sourceTree = "<group>";
		};
/* End PBXGroup section */

/* Begin PBXNativeTarget section */
		DEADB1DB27A32F8D00A59952 /* LoginUser */ = {
			isa = PBXNativeTarget;
			buildConfigurationList = DEADB1EA27A32FA800A59952 /* Build configuration list for PBXNativeTarget "LoginUser" */;
			buildPhases = (
				DEADB1D827A32F8D00A59952 /* Sources */,
				DEADB1D927A32F8D00A59952 /* Frameworks */,
				DEADB1DA27A32F8D00A59952 /* Resources */,
			);
			buildRules = (
			);
			dependencies = (
			);
			name = LoginUser;
			packageProductDependencies = (
				DEADB1FA27A41F9300A59952 /* Alamofire */,
				DEADB1FD27A41FC300A59952 /* SwiftyJSON */,
			);
			productName = LoginUser;
			productReference = DEADB1DC27A32F8D00A59952 /* LoginUser.app */;
			productType = "com.apple.product-type.application";
		};
/* End PBXNativeTarget section */

/* Begin PBXProject section */
		DEADB1D427A32F8C00A59952 /* Project object */ = {
			isa = PBXProject;
			attributes = {
				BuildIndependentTargetsInParallel = 1;
				LastSwiftUpdateCheck = 1320;
				LastUpgradeCheck = 1320;
				TargetAttributes = {
					DEADB1DB27A32F8D00A59952 = {
						CreatedOnToolsVersion = 13.2.1;
					};
				};
			};
			buildConfigurationList = DEADB1D727A32F8C00A59952 /* Build configuration list for PBXProject "LoginUser" */;
			compatibilityVersion = "Xcode 13.0";
			developmentRegion = en;
			hasScannedForEncodings = 0;
			knownRegions = (
				en,
				Base,
			);
			mainGroup = DEADB1D327A32F8C00A59952;
			packageReferences = (
				DEADB1F927A41F9300A59952 /* XCRemoteSwiftPackageReference "Alamofire" */,
				DEADB1FC27A41FC300A59952 /* XCRemoteSwiftPackageReference "SwiftyJSON" */,
			);
			productRefGroup = DEADB1DD27A32F8D00A59952 /* Products */;
			projectDirPath = "";
			projectRoot = "";
			targets = (
				DEADB1DB27A32F8D00A59952 /* LoginUser */,
			);
		};
/* End PBXProject section */

/* Begin PBXResourcesBuildPhase section */
		DEADB1DA27A32F8D00A59952 /* Resources */ = {
			isa = PBXResourcesBuildPhase;
			buildActionMask = 2147483647;
			files = (
				DEADB1E727A32FA800A59952 /* Preview Assets.xcassets in Resources */,
				DEADB1E427A32FA800A59952 /* Assets.xcassets in Resources */,
			);
			runOnlyForDeploymentPostprocessing = 0;
		};
/* End PBXResourcesBuildPhase section */

/* Begin PBXSourcesBuildPhase section */
		DEADB1D827A32F8D00A59952 /* Sources */ = {
			isa = PBXSourcesBuildPhase;
			buildActionMask = 2147483647;
			files = (
				DEADB1F227A330BC00A59952 /* LoginModel.swift in Sources */,
				DEADB1EE27A330A400A59952 /* LoginView.swift in Sources */,
				DEADB1F427A330C400A59952 /* LoginViewModel.swift in Sources */,
				DEADB1F027A330AF00A59952 /* LoggedInView.swift in Sources */,
				DEADB1E227A32F8E00A59952 /* ContentView.swift in Sources */,
				DEADB1E027A32F8E00A59952 /* LoginUserApp.swift in Sources */,
			);
			runOnlyForDeploymentPostprocessing = 0;
		};
/* End PBXSourcesBuildPhase section */

/* Begin XCBuildConfiguration section */
		DEADB1E827A32FA800A59952 /* Debug */ = {
			isa = XCBuildConfiguration;
			buildSettings = {
				ALWAYS_SEARCH_USER_PATHS = NO;
				CLANG_ANALYZER_NONNULL = YES;
				CLANG_ANALYZER_NUMBER_OBJECT_CONVERSION = YES_AGGRESSIVE;
				CLANG_CXX_LANGUAGE_STANDARD = "gnu++17";
				CLANG_CXX_LIBRARY = "libc++";
				CLANG_ENABLE_MODULES = YES;
				CLANG_ENABLE_OBJC_ARC = YES;
				CLANG_ENABLE_OBJC_WEAK = YES;
				CLANG_WARN_BLOCK_CAPTURE_AUTORELEASING = YES;
				CLANG_WARN_BOOL_CONVERSION = YES;
				CLANG_WARN_COMMA = YES;
				CLANG_WARN_CONSTANT_CONVERSION = YES;
				CLANG_WARN_DEPRECATED_OBJC_IMPLEMENTATIONS = YES;
				CLANG_WARN_DIRECT_OBJC_ISA_USAGE = YES_ERROR;
				CLANG_WARN_DOCUMENTATION_COMMENTS = YES;
				CLANG_WARN_EMPTY_BODY = YES;
				CLANG_WARN_ENUM_CONVERSION = YES;
				CLANG_WARN_INFINITE_RECURSION = YES;
				CLANG_WARN_INT_CONVERSION = YES;
				CLANG_WARN_NON_LITERAL_NULL_CONVERSION = YES;
				CLANG_WARN_OBJC_IMPLICIT_RETAIN_SELF = YES;
				CLANG_WARN_OBJC_LITERAL_CONVERSION = YES;
				CLANG_WARN_OBJC_ROOT_CLASS = YES_ERROR;
				CLANG_WARN_QUOTED_INCLUDE_IN_FRAMEWORK_HEADER = YES;
				CLANG_WARN_RANGE_LOOP_ANALYSIS = YES;
				CLANG_WARN_STRICT_PROTOTYPES = YES;
				CLANG_WARN_SUSPICIOUS_MOVE = YES;
				CLANG_WARN_UNGUARDED_AVAILABILITY = YES_AGGRESSIVE;
				CLANG_WARN_UNREACHABLE_CODE = YES;
				CLANG_WARN__DUPLICATE_METHOD_MATCH = YES;
				COPY_PHASE_STRIP = NO;
				DEBUG_INFORMATION_FORMAT = dwarf;
				ENABLE_STRICT_OBJC_MSGSEND = YES;
				ENABLE_TESTABILITY = YES;
				GCC_C_LANGUAGE_STANDARD = gnu11;
				GCC_DYNAMIC_NO_PIC = NO;
				GCC_NO_COMMON_BLOCKS = YES;
				GCC_OPTIMIZATION_LEVEL = 0;
				GCC_PREPROCESSOR_DEFINITIONS = (
					"DEBUG=1",
					"$(inherited)",
				);
				GCC_WARN_64_TO_32_BIT_CONVERSION = YES;
				GCC_WARN_ABOUT_RETURN_TYPE = YES_ERROR;
				GCC_WARN_UNDECLARED_SELECTOR = YES;
				GCC_WARN_UNINITIALIZED_AUTOS = YES_AGGRESSIVE;
				GCC_WARN_UNUSED_FUNCTION = YES;
				GCC_WARN_UNUSED_VARIABLE = YES;
				IPHONEOS_DEPLOYMENT_TARGET = 15.2;
				MTL_ENABLE_DEBUG_INFO = INCLUDE_SOURCE;
				MTL_FAST_MATH = YES;
				ONLY_ACTIVE_ARCH = YES;
				SDKROOT = iphoneos;
				SWIFT_ACTIVE_COMPILATION_CONDITIONS = DEBUG;
				SWIFT_OPTIMIZATION_LEVEL = "-Onone";
			};
			name = Debug;
		};
		DEADB1E927A32FA800A59952 /* Release */ = {
			isa = XCBuildConfiguration;
			buildSettings = {
				ALWAYS_SEARCH_USER_PATHS = NO;
				CLANG_ANALYZER_NONNULL = YES;
				CLANG_ANALYZER_NUMBER_OBJECT_CONVERSION = YES_AGGRESSIVE;
				CLANG_CXX_LANGUAGE_STANDARD = "gnu++17";
				CLANG_CXX_LIBRARY = "libc++";
				CLANG_ENABLE_MODULES = YES;
				CLANG_ENABLE_OBJC_ARC = YES;
				CLANG_ENABLE_OBJC_WEAK = YES;
				CLANG_WARN_BLOCK_CAPTURE_AUTORELEASING = YES;
				CLANG_WARN_BOOL_CONVERSION = YES;
				CLANG_WARN_COMMA = YES;
				CLANG_WARN_CONSTANT_CONVERSION = YES;
				CLANG_WARN_DEPRECATED_OBJC_IMPLEMENTATIONS = YES;
				CLANG_WARN_DIRECT_OBJC_ISA_USAGE = YES_ERROR;
				CLANG_WARN_DOCUMENTATION_COMMENTS = YES;
				CLANG_WARN_EMPTY_BODY = YES;
				CLANG_WARN_ENUM_CONVERSION = YES;
				CLANG_WARN_INFINITE_RECURSION = YES;
				CLANG_WARN_INT_CONVERSION = YES;
				CLANG_WARN_NON_LITERAL_NULL_CONVERSION = YES;
				CLANG_WARN_OBJC_IMPLICIT_RETAIN_SELF = YES;
				CLANG_WARN_OBJC_LITERAL_CONVERSION = YES;
				CLANG_WARN_OBJC_ROOT_CLASS = YES_ERROR;
				CLANG_WARN_QUOTED_INCLUDE_IN_FRAMEWORK_HEADER = YES;
				CLANG_WARN_RANGE_LOOP_ANALYSIS = YES;
				CLANG_WARN_STRICT_PROTOTYPES = YES;
				CLANG_WARN_SUSPICIOUS_MOVE = YES;
				CLANG_WARN_UNGUARDED_AVAILABILITY = YES_AGGRESSIVE;
				CLANG_WARN_UNREACHABLE_CODE = YES;
				CLANG_WARN__DUPLICATE_METHOD_MATCH = YES;
				COPY_PHASE_STRIP = NO;
				DEBUG_INFORMATION_FORMAT = "dwarf-with-dsym";
				ENABLE_NS_ASSERTIONS = NO;
				ENABLE_STRICT_OBJC_MSGSEND = YES;
				GCC_C_LANGUAGE_STANDARD = gnu11;
				GCC_NO_COMMON_BLOCKS = YES;
				GCC_WARN_64_TO_32_BIT_CONVERSION = YES;
				GCC_WARN_ABOUT_RETURN_TYPE = YES_ERROR;
				GCC_WARN_UNDECLARED_SELECTOR = YES;
				GCC_WARN_UNINITIALIZED_AUTOS = YES_AGGRESSIVE;
				GCC_WARN_UNUSED_FUNCTION = YES;
				GCC_WARN_UNUSED_VARIABLE = YES;
				IPHONEOS_DEPLOYMENT_TARGET = 15.2;
				MTL_ENABLE_DEBUG_INFO = NO;
				MTL_FAST_MATH = YES;
				SDKROOT = iphoneos;
				SWIFT_COMPILATION_MODE = wholemodule;
				SWIFT_OPTIMIZATION_LEVEL = "-O";
				VALIDATE_PRODUCT = YES;
			};
			name = Release;
		};
		DEADB1EB27A32FA800A59952 /* Debug */ = {
			isa = XCBuildConfiguration;
			buildSettings = {
				ASSETCATALOG_COMPILER_APPICON_NAME = AppIcon;
				ASSETCATALOG_COMPILER_GLOBAL_ACCENT_COLOR_NAME = AccentColor;
				CODE_SIGN_STYLE = Automatic;
				CURRENT_PROJECT_VERSION = 1;
				DEVELOPMENT_ASSET_PATHS = "\"LoginUser/Preview Content\"";
				ENABLE_PREVIEWS = YES;
				GENERATE_INFOPLIST_FILE = YES;
				INFOPLIST_FILE = LoginUser/Info.plist;
				INFOPLIST_KEY_UIApplicationSceneManifest_Generation = YES;
				INFOPLIST_KEY_UIApplicationSupportsIndirectInputEvents = YES;
				INFOPLIST_KEY_UILaunchScreen_Generation = YES;
				INFOPLIST_KEY_UISupportedInterfaceOrientations_iPad = "UIInterfaceOrientationPortrait UIInterfaceOrientationPortraitUpsideDown UIInterfaceOrientationLandscapeLeft UIInterfaceOrientationLandscapeRight";
				INFOPLIST_KEY_UISupportedInterfaceOrientations_iPhone = "UIInterfaceOrientationPortrait UIInterfaceOrientationLandscapeLeft UIInterfaceOrientationLandscapeRight";
				LD_RUNPATH_SEARCH_PATHS = (
					"$(inherited)",
					"@executable_path/Frameworks",
				);
				MARKETING_VERSION = 1.0;
				PRODUCT_BUNDLE_IDENTIFIER = com.GermanRosso.LoginUser;
				PRODUCT_NAME = "$(TARGET_NAME)";
				SWIFT_EMIT_LOC_STRINGS = YES;
				SWIFT_VERSION = 5.0;
				TARGETED_DEVICE_FAMILY = "1,2";
			};
			name = Debug;
		};
		DEADB1EC27A32FA800A59952 /* Release */ = {
			isa = XCBuildConfiguration;
			buildSettings = {
				ASSETCATALOG_COMPILER_APPICON_NAME = AppIcon;
				ASSETCATALOG_COMPILER_GLOBAL_ACCENT_COLOR_NAME = AccentColor;
				CODE_SIGN_STYLE = Automatic;
				CURRENT_PROJECT_VERSION = 1;
				DEVELOPMENT_ASSET_PATHS = "\"LoginUser/Preview Content\"";
				ENABLE_PREVIEWS = YES;
				GENERATE_INFOPLIST_FILE = YES;
				INFOPLIST_FILE = LoginUser/Info.plist;
				INFOPLIST_KEY_UIApplicationSceneManifest_Generation = YES;
				INFOPLIST_KEY_UIApplicationSupportsIndirectInputEvents = YES;
				INFOPLIST_KEY_UILaunchScreen_Generation = YES;
				INFOPLIST_KEY_UISupportedInterfaceOrientations_iPad = "UIInterfaceOrientationPortrait UIInterfaceOrientationPortraitUpsideDown UIInterfaceOrientationLandscapeLeft UIInterfaceOrientationLandscapeRight";
				INFOPLIST_KEY_UISupportedInterfaceOrientations_iPhone = "UIInterfaceOrientationPortrait UIInterfaceOrientationLandscapeLeft UIInterfaceOrientationLandscapeRight";
				LD_RUNPATH_SEARCH_PATHS = (
					"$(inherited)",
					"@executable_path/Frameworks",
				);
				MARKETING_VERSION = 1.0;
				PRODUCT_BUNDLE_IDENTIFIER = com.GermanRosso.LoginUser;
				PRODUCT_NAME = "$(TARGET_NAME)";
				SWIFT_EMIT_LOC_STRINGS = YES;
				SWIFT_VERSION = 5.0;
				TARGETED_DEVICE_FAMILY = "1,2";
			};
			name = Release;
		};
/* End XCBuildConfiguration section */

/* Begin XCConfigurationList section */
		DEADB1D727A32F8C00A59952 /* Build configuration list for PBXProject "LoginUser" */ = {
			isa = XCConfigurationList;
			buildConfigurations = (
				DEADB1E827A32FA800A59952 /* Debug */,
				DEADB1E927A32FA800A59952 /* Release */,
			);
			defaultConfigurationIsVisible = 0;
			defaultConfigurationName = Release;
		};
		DEADB1EA27A32FA800A59952 /* Build configuration list for PBXNativeTarget "LoginUser" */ = {
			isa = XCConfigurationList;
			buildConfigurations = (
				DEADB1EB27A32FA800A59952 /* Debug */,
				DEADB1EC27A32FA800A59952 /* Release */,
			);
			defaultConfigurationIsVisible = 0;
			defaultConfigurationName = Release;
		};
/* End XCConfigurationList section */

/* Begin XCRemoteSwiftPackageReference section */
		DEADB1F927A41F9300A59952 /* XCRemoteSwiftPackageReference "Alamofire" */ = {
			isa = XCRemoteSwiftPackageReference;
			repositoryURL = "https://github.com/Alamofire/Alamofire";
			requirement = {
				branch = master;
				kind = branch;
			};
		};
		DEADB1FC27A41FC300A59952 /* XCRemoteSwiftPackageReference "SwiftyJSON" */ = {
			isa = XCRemoteSwiftPackageReference;
			repositoryURL = "https://github.com/SwiftyJSON/SwiftyJSON";
			requirement = {
				branch = master;
				kind = branch;
			};
		};
/* End XCRemoteSwiftPackageReference section */

/* Begin XCSwiftPackageProductDependency section */
		DEADB1FA27A41F9300A59952 /* Alamofire */ = {
			isa = XCSwiftPackageProductDependency;
			package = DEADB1F927A41F9300A59952 /* XCRemoteSwiftPackageReference "Alamofire" */;
			productName = Alamofire;
		};
		DEADB1FD27A41FC300A59952 /* SwiftyJSON */ = {
			isa = XCSwiftPackageProductDependency;
			package = DEADB1FC27A41FC300A59952 /* XCRemoteSwiftPackageReference "SwiftyJSON" */;
			productName = SwiftyJSON;
		};
/* End XCSwiftPackageProductDependency section */
	};
	rootObject = DEADB1D427A32F8C00A59952 /* Project object */;
}
